// !$*UTF8*$!
{
	archiveVersion = 1;
	classes = {
	};
	objectVersion = 77;
	objects = {

/* Begin PBXBuildFile section */
		C98887FD2EBB67FF0081A62E /* GoogleSignIn in Frameworks */ = {isa = PBXBuildFile; productRef = C98887FC2EBB67FF0081A62E /* GoogleSignIn */; };
		C98887FF2EBB67FF0081A62E /* GoogleSignInSwift in Frameworks */ = {isa = PBXBuildFile; productRef = C98887FE2EBB67FF0081A62E /* GoogleSignInSwift */; };
		C9A1C8682E9E684C00EAE666 /* FirebaseAnalytics in Frameworks */ = {isa = PBXBuildFile; productRef = C9A1C8672E9E684C00EAE666 /* FirebaseAnalytics */; };
		C9A1C86A2E9E684C00EAE666 /* FirebaseAppCheck in Frameworks */ = {isa = PBXBuildFile; productRef = C9A1C8692E9E684C00EAE666 /* FirebaseAppCheck */; };
		C9A1C86C2E9E684C00EAE666 /* FirebaseAuth in Frameworks */ = {isa = PBXBuildFile; productRef = C9A1C86B2E9E684C00EAE666 /* FirebaseAuth */; };
		C9A1C86E2E9E684C00EAE666 /* FirebaseCore in Frameworks */ = {isa = PBXBuildFile; productRef = C9A1C86D2E9E684C00EAE666 /* FirebaseCore */; };
		C9A1C8702E9E684C00EAE666 /* FirebaseCrashlytics in Frameworks */ = {isa = PBXBuildFile; productRef = C9A1C86F2E9E684C00EAE666 /* FirebaseCrashlytics */; };
		C9A1C8722E9E684C00EAE666 /* FirebaseFirestore in Frameworks */ = {isa = PBXBuildFile; productRef = C9A1C8712E9E684C00EAE666 /* FirebaseFirestore */; };
		C9A1C8742E9E684C00EAE666 /* FirebaseMessaging in Frameworks */ = {isa = PBXBuildFile; productRef = C9A1C8732E9E684C00EAE666 /* FirebaseMessaging */; };
		C9A1C8762E9E684C00EAE666 /* FirebaseStorage in Frameworks */ = {isa = PBXBuildFile; productRef = C9A1C8752E9E684C00EAE666 /* FirebaseStorage */; };
/* End PBXBuildFile section */

/* Begin PBXFileReference section */
		C9A1C8512E9E659200EAE666 /* DungeonStride.app */ = {isa = PBXFileReference; explicitFileType = wrapper.application; includeInIndex = 0; path = DungeonStride.app; sourceTree = BUILT_PRODUCTS_DIR; };
/* End PBXFileReference section */

/* Begin PBXFileSystemSynchronizedBuildFileExceptionSet section */
		C98888032EBB6A2D0081A62E /* Exceptions for "DungeonStride" folder in "DungeonStride" target */ = {
			isa = PBXFileSystemSynchronizedBuildFileExceptionSet;
			membershipExceptions = (
				Info.plist,
			);
			target = C9A1C8502E9E659200EAE666 /* DungeonStride */;
		};
/* End PBXFileSystemSynchronizedBuildFileExceptionSet section */

/* Begin PBXFileSystemSynchronizedRootGroup section */
		C9A1C8532E9E659200EAE666 /* DungeonStride */ = {
			isa = PBXFileSystemSynchronizedRootGroup;
			exceptions = (
				C98888032EBB6A2D0081A62E /* Exceptions for "DungeonStride" folder in "DungeonStride" target */,
			);
			path = DungeonStride;
			sourceTree = "<group>";
		};
/* End PBXFileSystemSynchronizedRootGroup section */

/* Begin PBXFrameworksBuildPhase section */
		C9A1C84E2E9E659200EAE666 /* Frameworks */ = {
			isa = PBXFrameworksBuildPhase;
			buildActionMask = 2147483647;
			files = (
				C9A1C86A2E9E684C00EAE666 /* FirebaseAppCheck in Frameworks */,
				C9A1C86C2E9E684C00EAE666 /* FirebaseAuth in Frameworks */,
				C9A1C8742E9E684C00EAE666 /* FirebaseMessaging in Frameworks */,
				C9A1C8702E9E684C00EAE666 /* FirebaseCrashlytics in Frameworks */,
				C9A1C86E2E9E684C00EAE666 /* FirebaseCore in Frameworks */,
				C98887FF2EBB67FF0081A62E /* GoogleSignInSwift in Frameworks */,
				C9A1C8762E9E684C00EAE666 /* FirebaseStorage in Frameworks */,
				C9A1C8682E9E684C00EAE666 /* FirebaseAnalytics in Frameworks */,
				C9A1C8722E9E684C00EAE666 /* FirebaseFirestore in Frameworks */,
				C98887FD2EBB67FF0081A62E /* GoogleSignIn in Frameworks */,
			);
			runOnlyForDeploymentPostprocessing = 0;
		};
/* End PBXFrameworksBuildPhase section */

/* Begin PBXGroup section */
		C9A1C8482E9E659200EAE666 = {
			isa = PBXGroup;
			children = (
				C9A1C8532E9E659200EAE666 /* DungeonStride */,
				C9A1C8522E9E659200EAE666 /* Products */,
			);
			sourceTree = "<group>";
		};
		C9A1C8522E9E659200EAE666 /* Products */ = {
			isa = PBXGroup;
			children = (
				C9A1C8512E9E659200EAE666 /* DungeonStride.app */,
			);
			name = Products;
			sourceTree = "<group>";
		};
/* End PBXGroup section */

/* Begin PBXNativeTarget section */
		C9A1C8502E9E659200EAE666 /* DungeonStride */ = {
			isa = PBXNativeTarget;
			buildConfigurationList = C9A1C8612E9E659300EAE666 /* Build configuration list for PBXNativeTarget "DungeonStride" */;
			buildPhases = (
				C9A1C84D2E9E659200EAE666 /* Sources */,
				C9A1C84E2E9E659200EAE666 /* Frameworks */,
				C9A1C84F2E9E659200EAE666 /* Resources */,
			);
			buildRules = (
			);
			dependencies = (
			);
			fileSystemSynchronizedGroups = (
				C9A1C8532E9E659200EAE666 /* DungeonStride */,
			);
			name = DungeonStride;
			packageProductDependencies = (
				C9A1C8672E9E684C00EAE666 /* FirebaseAnalytics */,
				C9A1C8692E9E684C00EAE666 /* FirebaseAppCheck */,
				C9A1C86B2E9E684C00EAE666 /* FirebaseAuth */,
				C9A1C86D2E9E684C00EAE666 /* FirebaseCore */,
				C9A1C86F2E9E684C00EAE666 /* FirebaseCrashlytics */,
				C9A1C8712E9E684C00EAE666 /* FirebaseFirestore */,
				C9A1C8732E9E684C00EAE666 /* FirebaseMessaging */,
				C9A1C8752E9E684C00EAE666 /* FirebaseStorage */,
				C98887FC2EBB67FF0081A62E /* GoogleSignIn */,
				C98887FE2EBB67FF0081A62E /* GoogleSignInSwift */,
			);
			productName = DungeonStride;
			productReference = C9A1C8512E9E659200EAE666 /* DungeonStride.app */;
			productType = "com.apple.product-type.application";
		};
/* End PBXNativeTarget section */

/* Begin PBXProject section */
		C9A1C8492E9E659200EAE666 /* Project object */ = {
			isa = PBXProject;
			attributes = {
				BuildIndependentTargetsInParallel = 1;
				LastSwiftUpdateCheck = 1640;
				LastUpgradeCheck = 1640;
				TargetAttributes = {
					C9A1C8502E9E659200EAE666 = {
						CreatedOnToolsVersion = 16.4;
					};
				};
			};
			buildConfigurationList = C9A1C84C2E9E659200EAE666 /* Build configuration list for PBXProject "DungeonStride" */;
			developmentRegion = en;
			hasScannedForEncodings = 0;
			knownRegions = (
				en,
				Base,
			);
			mainGroup = C9A1C8482E9E659200EAE666;
			minimizedProjectReferenceProxies = 1;
			packageReferences = (
				C9A1C8662E9E684C00EAE666 /* XCRemoteSwiftPackageReference "firebase-ios-sdk" */,
				C98887FB2EBB67FF0081A62E /* XCRemoteSwiftPackageReference "GoogleSignIn-iOS" */,
			);
			preferredProjectObjectVersion = 77;
			productRefGroup = C9A1C8522E9E659200EAE666 /* Products */;
			projectDirPath = "";
			projectRoot = "";
			targets = (
				C9A1C8502E9E659200EAE666 /* DungeonStride */,
			);
		};
/* End PBXProject section */

/* Begin PBXResourcesBuildPhase section */
		C9A1C84F2E9E659200EAE666 /* Resources */ = {
			isa = PBXResourcesBuildPhase;
			buildActionMask = 2147483647;
			files = (
			);
			runOnlyForDeploymentPostprocessing = 0;
		};
/* End PBXResourcesBuildPhase section */

/* Begin PBXSourcesBuildPhase section */
		C9A1C84D2E9E659200EAE666 /* Sources */ = {
			isa = PBXSourcesBuildPhase;
			buildActionMask = 2147483647;
			files = (
			);
			runOnlyForDeploymentPostprocessing = 0;
		};
/* End PBXSourcesBuildPhase section */

/* Begin XCBuildConfiguration section */
		C9A1C85F2E9E659300EAE666 /* Debug */ = {
			isa = XCBuildConfiguration;
			buildSettings = {
				ALWAYS_SEARCH_USER_PATHS = NO;
				ASSETCATALOG_COMPILER_GENERATE_SWIFT_ASSET_SYMBOL_EXTENSIONS = YES;
				CLANG_ANALYZER_NONNULL = YES;
				CLANG_ANALYZER_NUMBER_OBJECT_CONVERSION = YES_AGGRESSIVE;
				CLANG_CXX_LANGUAGE_STANDARD = "gnu++20";
				CLANG_ENABLE_MODULES = YES;
				CLANG_ENABLE_OBJC_ARC = YES;
				CLANG_ENABLE_OBJC_WEAK = YES;
				CLANG_WARN_BLOCK_CAPTURE_AUTORELEASING = YES;
				CLANG_WARN_BOOL_CONVERSION = YES;
				CLANG_WARN_COMMA = YES;
				CLANG_WARN_CONSTANT_CONVERSION = YES;
				CLANG_WARN_DEPRECATED_OBJC_IMPLEMENTATIONS = YES;
				CLANG_WARN_DIRECT_OBJC_ISA_USAGE = YES_ERROR;
				CLANG_WARN_DOCUMENTATION_COMMENTS = YES;
				CLANG_WARN_EMPTY_BODY = YES;
				CLANG_WARN_ENUM_CONVERSION = YES;
				CLANG_WARN_INFINITE_RECURSION = YES;
				CLANG_WARN_INT_CONVERSION = YES;
				CLANG_WARN_NON_LITERAL_NULL_CONVERSION = YES;
				CLANG_WARN_OBJC_IMPLICIT_RETAIN_SELF = YES;
				CLANG_WARN_OBJC_LITERAL_CONVERSION = YES;
				CLANG_WARN_OBJC_ROOT_CLASS = YES_ERROR;
				CLANG_WARN_QUOTED_INCLUDE_IN_FRAMEWORK_HEADER = YES;
				CLANG_WARN_RANGE_LOOP_ANALYSIS = YES;
				CLANG_WARN_STRICT_PROTOTYPES = YES;
				CLANG_WARN_SUSPICIOUS_MOVE = YES;
				CLANG_WARN_UNGUARDED_AVAILABILITY = YES_AGGRESSIVE;
				CLANG_WARN_UNREACHABLE_CODE = YES;
				CLANG_WARN__DUPLICATE_METHOD_MATCH = YES;
				COPY_PHASE_STRIP = NO;
				DEBUG_INFORMATION_FORMAT = dwarf;
				ENABLE_STRICT_OBJC_MSGSEND = YES;
				ENABLE_TESTABILITY = YES;
				ENABLE_USER_SCRIPT_SANDBOXING = YES;
				GCC_C_LANGUAGE_STANDARD = gnu17;
				GCC_DYNAMIC_NO_PIC = NO;
				GCC_NO_COMMON_BLOCKS = YES;
				GCC_OPTIMIZATION_LEVEL = 0;
				GCC_PREPROCESSOR_DEFINITIONS = (
					"DEBUG=1",
					"$(inherited)",
				);
				GCC_WARN_64_TO_32_BIT_CONVERSION = YES;
				GCC_WARN_ABOUT_RETURN_TYPE = YES_ERROR;
				GCC_WARN_UNDECLARED_SELECTOR = YES;
				GCC_WARN_UNINITIALIZED_AUTOS = YES_AGGRESSIVE;
				GCC_WARN_UNUSED_FUNCTION = YES;
				GCC_WARN_UNUSED_VARIABLE = YES;
				IPHONEOS_DEPLOYMENT_TARGET = 18.5;
				LOCALIZATION_PREFERS_STRING_CATALOGS = YES;
				MTL_ENABLE_DEBUG_INFO = INCLUDE_SOURCE;
				MTL_FAST_MATH = YES;
				ONLY_ACTIVE_ARCH = YES;
				SDKROOT = iphoneos;
				SWIFT_ACTIVE_COMPILATION_CONDITIONS = "DEBUG $(inherited)";
				SWIFT_OPTIMIZATION_LEVEL = "-Onone";
			};
			name = Debug;
		};
		C9A1C8602E9E659300EAE666 /* Release */ = {
			isa = XCBuildConfiguration;
			buildSettings = {
				ALWAYS_SEARCH_USER_PATHS = NO;
				ASSETCATALOG_COMPILER_GENERATE_SWIFT_ASSET_SYMBOL_EXTENSIONS = YES;
				CLANG_ANALYZER_NONNULL = YES;
				CLANG_ANALYZER_NUMBER_OBJECT_CONVERSION = YES_AGGRESSIVE;
				CLANG_CXX_LANGUAGE_STANDARD = "gnu++20";
				CLANG_ENABLE_MODULES = YES;
				CLANG_ENABLE_OBJC_ARC = YES;
				CLANG_ENABLE_OBJC_WEAK = YES;
				CLANG_WARN_BLOCK_CAPTURE_AUTORELEASING = YES;
				CLANG_WARN_BOOL_CONVERSION = YES;
				CLANG_WARN_COMMA = YES;
				CLANG_WARN_CONSTANT_CONVERSION = YES;
				CLANG_WARN_DEPRECATED_OBJC_IMPLEMENTATIONS = YES;
				CLANG_WARN_DIRECT_OBJC_ISA_USAGE = YES_ERROR;
				CLANG_WARN_DOCUMENTATION_COMMENTS = YES;
				CLANG_WARN_EMPTY_BODY = YES;
				CLANG_WARN_ENUM_CONVERSION = YES;
				CLANG_WARN_INFINITE_RECURSION = YES;
				CLANG_WARN_INT_CONVERSION = YES;
				CLANG_WARN_NON_LITERAL_NULL_CONVERSION = YES;
				CLANG_WARN_OBJC_IMPLICIT_RETAIN_SELF = YES;
				CLANG_WARN_OBJC_LITERAL_CONVERSION = YES;
				CLANG_WARN_OBJC_ROOT_CLASS = YES_ERROR;
				CLANG_WARN_QUOTED_INCLUDE_IN_FRAMEWORK_HEADER = YES;
				CLANG_WARN_RANGE_LOOP_ANALYSIS = YES;
				CLANG_WARN_STRICT_PROTOTYPES = YES;
				CLANG_WARN_SUSPICIOUS_MOVE = YES;
				CLANG_WARN_UNGUARDED_AVAILABILITY = YES_AGGRESSIVE;
				CLANG_WARN_UNREACHABLE_CODE = YES;
				CLANG_WARN__DUPLICATE_METHOD_MATCH = YES;
				COPY_PHASE_STRIP = NO;
				DEBUG_INFORMATION_FORMAT = "dwarf-with-dsym";
				ENABLE_NS_ASSERTIONS = NO;
				ENABLE_STRICT_OBJC_MSGSEND = YES;
				ENABLE_USER_SCRIPT_SANDBOXING = YES;
				GCC_C_LANGUAGE_STANDARD = gnu17;
				GCC_NO_COMMON_BLOCKS = YES;
				GCC_WARN_64_TO_32_BIT_CONVERSION = YES;
				GCC_WARN_ABOUT_RETURN_TYPE = YES_ERROR;
				GCC_WARN_UNDECLARED_SELECTOR = YES;
				GCC_WARN_UNINITIALIZED_AUTOS = YES_AGGRESSIVE;
				GCC_WARN_UNUSED_FUNCTION = YES;
				GCC_WARN_UNUSED_VARIABLE = YES;
				IPHONEOS_DEPLOYMENT_TARGET = 18.5;
				LOCALIZATION_PREFERS_STRING_CATALOGS = YES;
				MTL_ENABLE_DEBUG_INFO = NO;
				MTL_FAST_MATH = YES;
				SDKROOT = iphoneos;
				SWIFT_COMPILATION_MODE = wholemodule;
				VALIDATE_PRODUCT = YES;
			};
			name = Release;
		};
		C9A1C8622E9E659300EAE666 /* Debug */ = {
			isa = XCBuildConfiguration;
			buildSettings = {
				ASSETCATALOG_COMPILER_APPICON_NAME = AppIcon;
				ASSETCATALOG_COMPILER_GLOBAL_ACCENT_COLOR_NAME = AccentColor;
				CODE_SIGN_STYLE = Automatic;
				CURRENT_PROJECT_VERSION = 1;
				ENABLE_PREVIEWS = YES;
				GENERATE_INFOPLIST_FILE = YES;
				INFOPLIST_FILE = DungeonStride/Info.plist;
				INFOPLIST_KEY_NSHealthShareUsageDescription = "This app needs health share usage description allowed";
				INFOPLIST_KEY_NSLocationAlwaysAndWhenInUseUsageDescription = "This app neeeds Location always and when in use usage description allowed";
				INFOPLIST_KEY_NSLocationWhenInUseUsageDescription = "This app needs Location always usage description allowed";
				INFOPLIST_KEY_NSPhotoLibraryUsageDescription = "This app needs access to your photo library to set a custom profile picture.";
				INFOPLIST_KEY_UIApplicationSceneManifest_Generation = YES;
				INFOPLIST_KEY_UIApplicationSupportsIndirectInputEvents = YES;
				INFOPLIST_KEY_UILaunchScreen_Generation = YES;
				INFOPLIST_KEY_UISupportedInterfaceOrientations_iPad = "UIInterfaceOrientationPortrait UIInterfaceOrientationPortraitUpsideDown UIInterfaceOrientationLandscapeLeft UIInterfaceOrientationLandscapeRight";
				INFOPLIST_KEY_UISupportedInterfaceOrientations_iPhone = "UIInterfaceOrientationPortrait UIInterfaceOrientationLandscapeLeft UIInterfaceOrientationLandscapeRight";
				IPHONEOS_DEPLOYMENT_TARGET = 26.0;
				LD_RUNPATH_SEARCH_PATHS = (
					"$(inherited)",
					"@executable_path/Frameworks",
				);
				MARKETING_VERSION = 1.0;
				PRODUCT_BUNDLE_IDENTIFIER = cz.mendelu.DungeonStride;
				PRODUCT_NAME = "$(TARGET_NAME)";
				SWIFT_EMIT_LOC_STRINGS = YES;
				SWIFT_VERSION = 5.0;
				TARGETED_DEVICE_FAMILY = "1,2";
			};
			name = Debug;
		};
		C9A1C8632E9E659300EAE666 /* Release */ = {
			isa = XCBuildConfiguration;
			buildSettings = {
				ASSETCATALOG_COMPILER_APPICON_NAME = AppIcon;
				ASSETCATALOG_COMPILER_GLOBAL_ACCENT_COLOR_NAME = AccentColor;
				CODE_SIGN_STYLE = Automatic;
				CURRENT_PROJECT_VERSION = 1;
				ENABLE_PREVIEWS = YES;
				GENERATE_INFOPLIST_FILE = YES;
				INFOPLIST_FILE = DungeonStride/Info.plist;
				INFOPLIST_KEY_NSHealthShareUsageDescription = "This app needs health share usage description allowed";
				INFOPLIST_KEY_NSLocationAlwaysAndWhenInUseUsageDescription = "This app neeeds Location always and when in use usage description allowed";
				INFOPLIST_KEY_NSLocationWhenInUseUsageDescription = "This app needs Location always usage description allowed";
				INFOPLIST_KEY_NSPhotoLibraryUsageDescription = "This app needs access to your photo library to set a custom profile picture.";
				INFOPLIST_KEY_UIApplicationSceneManifest_Generation = YES;
				INFOPLIST_KEY_UIApplicationSupportsIndirectInputEvents = YES;
				INFOPLIST_KEY_UILaunchScreen_Generation = YES;
				INFOPLIST_KEY_UISupportedInterfaceOrientations_iPad = "UIInterfaceOrientationPortrait UIInterfaceOrientationPortraitUpsideDown UIInterfaceOrientationLandscapeLeft UIInterfaceOrientationLandscapeRight";
				INFOPLIST_KEY_UISupportedInterfaceOrientations_iPhone = "UIInterfaceOrientationPortrait UIInterfaceOrientationLandscapeLeft UIInterfaceOrientationLandscapeRight";
				IPHONEOS_DEPLOYMENT_TARGET = 26.0;
				LD_RUNPATH_SEARCH_PATHS = (
					"$(inherited)",
					"@executable_path/Frameworks",
				);
				MARKETING_VERSION = 1.0;
				PRODUCT_BUNDLE_IDENTIFIER = cz.mendelu.DungeonStride;
				PRODUCT_NAME = "$(TARGET_NAME)";
				SWIFT_EMIT_LOC_STRINGS = YES;
				SWIFT_VERSION = 5.0;
				TARGETED_DEVICE_FAMILY = "1,2";
			};
			name = Release;
		};
/* End XCBuildConfiguration section */

/* Begin XCConfigurationList section */
		C9A1C84C2E9E659200EAE666 /* Build configuration list for PBXProject "DungeonStride" */ = {
			isa = XCConfigurationList;
			buildConfigurations = (
				C9A1C85F2E9E659300EAE666 /* Debug */,
				C9A1C8602E9E659300EAE666 /* Release */,
			);
			defaultConfigurationIsVisible = 0;
			defaultConfigurationName = Release;
		};
		C9A1C8612E9E659300EAE666 /* Build configuration list for PBXNativeTarget "DungeonStride" */ = {
			isa = XCConfigurationList;
			buildConfigurations = (
				C9A1C8622E9E659300EAE666 /* Debug */,
				C9A1C8632E9E659300EAE666 /* Release */,
			);
			defaultConfigurationIsVisible = 0;
			defaultConfigurationName = Release;
		};
/* End XCConfigurationList section */

/* Begin XCRemoteSwiftPackageReference section */
		C98887FB2EBB67FF0081A62E /* XCRemoteSwiftPackageReference "GoogleSignIn-iOS" */ = {
			isa = XCRemoteSwiftPackageReference;
			repositoryURL = "https://github.com/google/GoogleSignIn-iOS";
			requirement = {
				kind = upToNextMajorVersion;
				minimumVersion = 9.0.0;
			};
		};
		C9A1C8662E9E684C00EAE666 /* XCRemoteSwiftPackageReference "firebase-ios-sdk" */ = {
			isa = XCRemoteSwiftPackageReference;
			repositoryURL = "https://github.com/firebase/firebase-ios-sdk";
			requirement = {
				kind = upToNextMajorVersion;
				minimumVersion = 12.4.0;
			};
		};
/* End XCRemoteSwiftPackageReference section */

/* Begin XCSwiftPackageProductDependency section */
		C98887FC2EBB67FF0081A62E /* GoogleSignIn */ = {
			isa = XCSwiftPackageProductDependency;
			package = C98887FB2EBB67FF0081A62E /* XCRemoteSwiftPackageReference "GoogleSignIn-iOS" */;
			productName = GoogleSignIn;
		};
		C98887FE2EBB67FF0081A62E /* GoogleSignInSwift */ = {
			isa = XCSwiftPackageProductDependency;
			package = C98887FB2EBB67FF0081A62E /* XCRemoteSwiftPackageReference "GoogleSignIn-iOS" */;
			productName = GoogleSignInSwift;
		};
		C9A1C8672E9E684C00EAE666 /* FirebaseAnalytics */ = {
			isa = XCSwiftPackageProductDependency;
			package = C9A1C8662E9E684C00EAE666 /* XCRemoteSwiftPackageReference "firebase-ios-sdk" */;
			productName = FirebaseAnalytics;
		};
		C9A1C8692E9E684C00EAE666 /* FirebaseAppCheck */ = {
			isa = XCSwiftPackageProductDependency;
			package = C9A1C8662E9E684C00EAE666 /* XCRemoteSwiftPackageReference "firebase-ios-sdk" */;
			productName = FirebaseAppCheck;
		};
		C9A1C86B2E9E684C00EAE666 /* FirebaseAuth */ = {
			isa = XCSwiftPackageProductDependency;
			package = C9A1C8662E9E684C00EAE666 /* XCRemoteSwiftPackageReference "firebase-ios-sdk" */;
			productName = FirebaseAuth;
		};
		C9A1C86D2E9E684C00EAE666 /* FirebaseCore */ = {
			isa = XCSwiftPackageProductDependency;
			package = C9A1C8662E9E684C00EAE666 /* XCRemoteSwiftPackageReference "firebase-ios-sdk" */;
			productName = FirebaseCore;
		};
		C9A1C86F2E9E684C00EAE666 /* FirebaseCrashlytics */ = {
			isa = XCSwiftPackageProductDependency;
			package = C9A1C8662E9E684C00EAE666 /* XCRemoteSwiftPackageReference "firebase-ios-sdk" */;
			productName = FirebaseCrashlytics;
		};
		C9A1C8712E9E684C00EAE666 /* FirebaseFirestore */ = {
			isa = XCSwiftPackageProductDependency;
			package = C9A1C8662E9E684C00EAE666 /* XCRemoteSwiftPackageReference "firebase-ios-sdk" */;
			productName = FirebaseFirestore;
		};
		C9A1C8732E9E684C00EAE666 /* FirebaseMessaging */ = {
			isa = XCSwiftPackageProductDependency;
			package = C9A1C8662E9E684C00EAE666 /* XCRemoteSwiftPackageReference "firebase-ios-sdk" */;
			productName = FirebaseMessaging;
		};
		C9A1C8752E9E684C00EAE666 /* FirebaseStorage */ = {
			isa = XCSwiftPackageProductDependency;
			package = C9A1C8662E9E684C00EAE666 /* XCRemoteSwiftPackageReference "firebase-ios-sdk" */;
			productName = FirebaseStorage;
		};
/* End XCSwiftPackageProductDependency section */
	};
	rootObject = C9A1C8492E9E659200EAE666 /* Project object */;
}
